// !$*UTF8*$!
{
	archiveVersion = 1;
	classes = {
	};
	objectVersion = 51;
	objects = {

/* Begin PBXBuildFile section */
		2FE79986E0CBF47D8F439BB7 /* Pods_Flix.framework in Frameworks */ = {isa = PBXBuildFile; fileRef = D6520A22212FA55D6C3DAFB8 /* Pods_Flix.framework */; };
		892D7B946489F92EF1733528 /* Pods_Flix_FlixUITests.framework in Frameworks */ = {isa = PBXBuildFile; fileRef = D21CC597CF7050EADBBE0501 /* Pods_Flix_FlixUITests.framework */; };
		EB9B5D4F24A5AC45006C4519 /* AppDelegate.m in Sources */ = {isa = PBXBuildFile; fileRef = EB9B5D4E24A5AC45006C4519 /* AppDelegate.m */; };
		EB9B5D5224A5AC45006C4519 /* SceneDelegate.m in Sources */ = {isa = PBXBuildFile; fileRef = EB9B5D5124A5AC45006C4519 /* SceneDelegate.m */; };
		EB9B5D5824A5AC45006C4519 /* Main.storyboard in Resources */ = {isa = PBXBuildFile; fileRef = EB9B5D5624A5AC45006C4519 /* Main.storyboard */; };
		EB9B5D5A24A5AC46006C4519 /* Assets.xcassets in Resources */ = {isa = PBXBuildFile; fileRef = EB9B5D5924A5AC46006C4519 /* Assets.xcassets */; };
		EB9B5D5D24A5AC46006C4519 /* LaunchScreen.storyboard in Resources */ = {isa = PBXBuildFile; fileRef = EB9B5D5B24A5AC46006C4519 /* LaunchScreen.storyboard */; };
		EB9B5D6024A5AC46006C4519 /* main.m in Sources */ = {isa = PBXBuildFile; fileRef = EB9B5D5F24A5AC46006C4519 /* main.m */; };
		EB9B5D6A24A5AC46006C4519 /* FlixTests.m in Sources */ = {isa = PBXBuildFile; fileRef = EB9B5D6924A5AC46006C4519 /* FlixTests.m */; };
		EB9B5D7524A5AC46006C4519 /* FlixUITests.m in Sources */ = {isa = PBXBuildFile; fileRef = EB9B5D7424A5AC46006C4519 /* FlixUITests.m */; };
		EB9B5D8424A5B825006C4519 /* MoviesViewController.m in Sources */ = {isa = PBXBuildFile; fileRef = EB9B5D8324A5B825006C4519 /* MoviesViewController.m */; };
		EB9B5D8924A64C01006C4519 /* MovieCell.m in Sources */ = {isa = PBXBuildFile; fileRef = EB9B5D8824A64C01006C4519 /* MovieCell.m */; };
		EB9B5D8C24A66863006C4519 /* DetailsViewController.m in Sources */ = {isa = PBXBuildFile; fileRef = EB9B5D8B24A66863006C4519 /* DetailsViewController.m */; };
		EB9B5D8F24A6DC39006C4519 /* MoviesGridViewController.m in Sources */ = {isa = PBXBuildFile; fileRef = EB9B5D8E24A6DC39006C4519 /* MoviesGridViewController.m */; };
		EB9B5D9224A6DF74006C4519 /* MovieCollectionViewCell.m in Sources */ = {isa = PBXBuildFile; fileRef = EB9B5D9124A6DF74006C4519 /* MovieCollectionViewCell.m */; };
		ED2ABB823BF2092718C34BA0 /* Pods_FlixTests.framework in Frameworks */ = {isa = PBXBuildFile; fileRef = 39DE3AFD11D186126591E3E6 /* Pods_FlixTests.framework */; };
/* End PBXBuildFile section */

/* Begin PBXContainerItemProxy section */
		EB9B5D6624A5AC46006C4519 /* PBXContainerItemProxy */ = {
			isa = PBXContainerItemProxy;
			containerPortal = EB9B5D4224A5AC45006C4519 /* Project object */;
			proxyType = 1;
			remoteGlobalIDString = EB9B5D4924A5AC45006C4519;
			remoteInfo = Flix;
		};
		EB9B5D7124A5AC46006C4519 /* PBXContainerItemProxy */ = {
			isa = PBXContainerItemProxy;
			containerPortal = EB9B5D4224A5AC45006C4519 /* Project object */;
			proxyType = 1;
			remoteGlobalIDString = EB9B5D4924A5AC45006C4519;
			remoteInfo = Flix;
		};
/* End PBXContainerItemProxy section */

/* Begin PBXFileReference section */
		11721BE1CFC24A0BE7DC7FA4 /* Pods-Flix-FlixUITests.release.xcconfig */ = {isa = PBXFileReference; includeInIndex = 1; lastKnownFileType = text.xcconfig; name = "Pods-Flix-FlixUITests.release.xcconfig"; path = "Target Support Files/Pods-Flix-FlixUITests/Pods-Flix-FlixUITests.release.xcconfig"; sourceTree = "<group>"; };
		39DE3AFD11D186126591E3E6 /* Pods_FlixTests.framework */ = {isa = PBXFileReference; explicitFileType = wrapper.framework; includeInIndex = 0; path = Pods_FlixTests.framework; sourceTree = BUILT_PRODUCTS_DIR; };
		3D141EE0F85159865759F4C9 /* Pods-Flix.release.xcconfig */ = {isa = PBXFileReference; includeInIndex = 1; lastKnownFileType = text.xcconfig; name = "Pods-Flix.release.xcconfig"; path = "Target Support Files/Pods-Flix/Pods-Flix.release.xcconfig"; sourceTree = "<group>"; };
		BF5301E5EEDCA4249B9DBE63 /* Pods-Flix-FlixUITests.debug.xcconfig */ = {isa = PBXFileReference; includeInIndex = 1; lastKnownFileType = text.xcconfig; name = "Pods-Flix-FlixUITests.debug.xcconfig"; path = "Target Support Files/Pods-Flix-FlixUITests/Pods-Flix-FlixUITests.debug.xcconfig"; sourceTree = "<group>"; };
		C921EAC3BE3DAB81C0E1AB60 /* Pods-FlixTests.release.xcconfig */ = {isa = PBXFileReference; includeInIndex = 1; lastKnownFileType = text.xcconfig; name = "Pods-FlixTests.release.xcconfig"; path = "Target Support Files/Pods-FlixTests/Pods-FlixTests.release.xcconfig"; sourceTree = "<group>"; };
		D21CC597CF7050EADBBE0501 /* Pods_Flix_FlixUITests.framework */ = {isa = PBXFileReference; explicitFileType = wrapper.framework; includeInIndex = 0; path = Pods_Flix_FlixUITests.framework; sourceTree = BUILT_PRODUCTS_DIR; };
		D6520A22212FA55D6C3DAFB8 /* Pods_Flix.framework */ = {isa = PBXFileReference; explicitFileType = wrapper.framework; includeInIndex = 0; path = Pods_Flix.framework; sourceTree = BUILT_PRODUCTS_DIR; };
		D7D39BD4ECA6F1A63A501B53 /* Pods-Flix.debug.xcconfig */ = {isa = PBXFileReference; includeInIndex = 1; lastKnownFileType = text.xcconfig; name = "Pods-Flix.debug.xcconfig"; path = "Target Support Files/Pods-Flix/Pods-Flix.debug.xcconfig"; sourceTree = "<group>"; };
		EB9B5D4A24A5AC45006C4519 /* Flix.app */ = {isa = PBXFileReference; explicitFileType = wrapper.application; includeInIndex = 0; path = Flix.app; sourceTree = BUILT_PRODUCTS_DIR; };
		EB9B5D4D24A5AC45006C4519 /* AppDelegate.h */ = {isa = PBXFileReference; lastKnownFileType = sourcecode.c.h; path = AppDelegate.h; sourceTree = "<group>"; };
		EB9B5D4E24A5AC45006C4519 /* AppDelegate.m */ = {isa = PBXFileReference; lastKnownFileType = sourcecode.c.objc; path = AppDelegate.m; sourceTree = "<group>"; };
		EB9B5D5024A5AC45006C4519 /* SceneDelegate.h */ = {isa = PBXFileReference; lastKnownFileType = sourcecode.c.h; path = SceneDelegate.h; sourceTree = "<group>"; };
		EB9B5D5124A5AC45006C4519 /* SceneDelegate.m */ = {isa = PBXFileReference; lastKnownFileType = sourcecode.c.objc; path = SceneDelegate.m; sourceTree = "<group>"; };
		EB9B5D5724A5AC45006C4519 /* Base */ = {isa = PBXFileReference; lastKnownFileType = file.storyboard; name = Base; path = Base.lproj/Main.storyboard; sourceTree = "<group>"; };
		EB9B5D5924A5AC46006C4519 /* Assets.xcassets */ = {isa = PBXFileReference; lastKnownFileType = folder.assetcatalog; path = Assets.xcassets; sourceTree = "<group>"; };
		EB9B5D5C24A5AC46006C4519 /* Base */ = {isa = PBXFileReference; lastKnownFileType = file.storyboard; name = Base; path = Base.lproj/LaunchScreen.storyboard; sourceTree = "<group>"; };
		EB9B5D5E24A5AC46006C4519 /* Info.plist */ = {isa = PBXFileReference; lastKnownFileType = text.plist.xml; path = Info.plist; sourceTree = "<group>"; };
		EB9B5D5F24A5AC46006C4519 /* main.m */ = {isa = PBXFileReference; lastKnownFileType = sourcecode.c.objc; path = main.m; sourceTree = "<group>"; };
		EB9B5D6524A5AC46006C4519 /* FlixTests.xctest */ = {isa = PBXFileReference; explicitFileType = wrapper.cfbundle; includeInIndex = 0; path = FlixTests.xctest; sourceTree = BUILT_PRODUCTS_DIR; };
		EB9B5D6924A5AC46006C4519 /* FlixTests.m */ = {isa = PBXFileReference; lastKnownFileType = sourcecode.c.objc; path = FlixTests.m; sourceTree = "<group>"; };
		EB9B5D6B24A5AC46006C4519 /* Info.plist */ = {isa = PBXFileReference; lastKnownFileType = text.plist.xml; path = Info.plist; sourceTree = "<group>"; };
		EB9B5D7024A5AC46006C4519 /* FlixUITests.xctest */ = {isa = PBXFileReference; explicitFileType = wrapper.cfbundle; includeInIndex = 0; path = FlixUITests.xctest; sourceTree = BUILT_PRODUCTS_DIR; };
		EB9B5D7424A5AC46006C4519 /* FlixUITests.m */ = {isa = PBXFileReference; lastKnownFileType = sourcecode.c.objc; path = FlixUITests.m; sourceTree = "<group>"; };
		EB9B5D7624A5AC46006C4519 /* Info.plist */ = {isa = PBXFileReference; lastKnownFileType = text.plist.xml; path = Info.plist; sourceTree = "<group>"; };
		EB9B5D8224A5B825006C4519 /* MoviesViewController.h */ = {isa = PBXFileReference; lastKnownFileType = sourcecode.c.h; path = MoviesViewController.h; sourceTree = "<group>"; };
		EB9B5D8324A5B825006C4519 /* MoviesViewController.m */ = {isa = PBXFileReference; lastKnownFileType = sourcecode.c.objc; path = MoviesViewController.m; sourceTree = "<group>"; };
		EB9B5D8724A64C01006C4519 /* MovieCell.h */ = {isa = PBXFileReference; lastKnownFileType = sourcecode.c.h; path = MovieCell.h; sourceTree = "<group>"; };
		EB9B5D8824A64C01006C4519 /* MovieCell.m */ = {isa = PBXFileReference; lastKnownFileType = sourcecode.c.objc; path = MovieCell.m; sourceTree = "<group>"; };
		EB9B5D8A24A66863006C4519 /* DetailsViewController.h */ = {isa = PBXFileReference; lastKnownFileType = sourcecode.c.h; path = DetailsViewController.h; sourceTree = "<group>"; };
		EB9B5D8B24A66863006C4519 /* DetailsViewController.m */ = {isa = PBXFileReference; lastKnownFileType = sourcecode.c.objc; path = DetailsViewController.m; sourceTree = "<group>"; };
		EB9B5D8D24A6DC39006C4519 /* MoviesGridViewController.h */ = {isa = PBXFileReference; lastKnownFileType = sourcecode.c.h; path = MoviesGridViewController.h; sourceTree = "<group>"; };
		EB9B5D8E24A6DC39006C4519 /* MoviesGridViewController.m */ = {isa = PBXFileReference; lastKnownFileType = sourcecode.c.objc; path = MoviesGridViewController.m; sourceTree = "<group>"; };
		EB9B5D9024A6DF74006C4519 /* MovieCollectionViewCell.h */ = {isa = PBXFileReference; lastKnownFileType = sourcecode.c.h; path = MovieCollectionViewCell.h; sourceTree = "<group>"; };
		EB9B5D9124A6DF74006C4519 /* MovieCollectionViewCell.m */ = {isa = PBXFileReference; lastKnownFileType = sourcecode.c.objc; path = MovieCollectionViewCell.m; sourceTree = "<group>"; };
		F4388851BDB1B613259C2E9E /* Pods-FlixTests.debug.xcconfig */ = {isa = PBXFileReference; includeInIndex = 1; lastKnownFileType = text.xcconfig; name = "Pods-FlixTests.debug.xcconfig"; path = "Target Support Files/Pods-FlixTests/Pods-FlixTests.debug.xcconfig"; sourceTree = "<group>"; };
/* End PBXFileReference section */

/* Begin PBXFrameworksBuildPhase section */
		EB9B5D4724A5AC45006C4519 /* Frameworks */ = {
			isa = PBXFrameworksBuildPhase;
			buildActionMask = 2147483647;
			files = (
				2FE79986E0CBF47D8F439BB7 /* Pods_Flix.framework in Frameworks */,
			);
			runOnlyForDeploymentPostprocessing = 0;
		};
		EB9B5D6224A5AC46006C4519 /* Frameworks */ = {
			isa = PBXFrameworksBuildPhase;
			buildActionMask = 2147483647;
			files = (
				ED2ABB823BF2092718C34BA0 /* Pods_FlixTests.framework in Frameworks */,
			);
			runOnlyForDeploymentPostprocessing = 0;
		};
		EB9B5D6D24A5AC46006C4519 /* Frameworks */ = {
			isa = PBXFrameworksBuildPhase;
			buildActionMask = 2147483647;
			files = (
				892D7B946489F92EF1733528 /* Pods_Flix_FlixUITests.framework in Frameworks */,
			);
			runOnlyForDeploymentPostprocessing = 0;
		};
/* End PBXFrameworksBuildPhase section */

/* Begin PBXGroup section */
		12EBA0C8C1DD83579E2B08F8 /* Frameworks */ = {
			isa = PBXGroup;
			children = (
				D6520A22212FA55D6C3DAFB8 /* Pods_Flix.framework */,
				D21CC597CF7050EADBBE0501 /* Pods_Flix_FlixUITests.framework */,
				39DE3AFD11D186126591E3E6 /* Pods_FlixTests.framework */,
			);
			name = Frameworks;
			sourceTree = "<group>";
		};
		8DAFD204D1C839D3CE2BD46C /* Pods */ = {
			isa = PBXGroup;
			children = (
				D7D39BD4ECA6F1A63A501B53 /* Pods-Flix.debug.xcconfig */,
				3D141EE0F85159865759F4C9 /* Pods-Flix.release.xcconfig */,
				BF5301E5EEDCA4249B9DBE63 /* Pods-Flix-FlixUITests.debug.xcconfig */,
				11721BE1CFC24A0BE7DC7FA4 /* Pods-Flix-FlixUITests.release.xcconfig */,
				F4388851BDB1B613259C2E9E /* Pods-FlixTests.debug.xcconfig */,
				C921EAC3BE3DAB81C0E1AB60 /* Pods-FlixTests.release.xcconfig */,
			);
			path = Pods;
			sourceTree = "<group>";
		};
		EB9B5D4124A5AC45006C4519 = {
			isa = PBXGroup;
			children = (
				EB9B5D4C24A5AC45006C4519 /* Flix */,
				EB9B5D6824A5AC46006C4519 /* FlixTests */,
				EB9B5D7324A5AC46006C4519 /* FlixUITests */,
				EB9B5D4B24A5AC45006C4519 /* Products */,
				8DAFD204D1C839D3CE2BD46C /* Pods */,
				12EBA0C8C1DD83579E2B08F8 /* Frameworks */,
			);
			sourceTree = "<group>";
		};
		EB9B5D4B24A5AC45006C4519 /* Products */ = {
			isa = PBXGroup;
			children = (
				EB9B5D4A24A5AC45006C4519 /* Flix.app */,
				EB9B5D6524A5AC46006C4519 /* FlixTests.xctest */,
				EB9B5D7024A5AC46006C4519 /* FlixUITests.xctest */,
			);
			name = Products;
			sourceTree = "<group>";
		};
		EB9B5D4C24A5AC45006C4519 /* Flix */ = {
			isa = PBXGroup;
			children = (
				EB9B5D8624A64AA9006C4519 /* Views */,
				EB9B5D8524A5BC89006C4519 /* View Controllers */,
				EB9B5D4D24A5AC45006C4519 /* AppDelegate.h */,
				EB9B5D4E24A5AC45006C4519 /* AppDelegate.m */,
				EB9B5D5024A5AC45006C4519 /* SceneDelegate.h */,
				EB9B5D5124A5AC45006C4519 /* SceneDelegate.m */,
				EB9B5D5624A5AC45006C4519 /* Main.storyboard */,
				EB9B5D5924A5AC46006C4519 /* Assets.xcassets */,
				EB9B5D5B24A5AC46006C4519 /* LaunchScreen.storyboard */,
				EB9B5D5E24A5AC46006C4519 /* Info.plist */,
				EB9B5D5F24A5AC46006C4519 /* main.m */,
			);
			path = Flix;
			sourceTree = "<group>";
		};
		EB9B5D6824A5AC46006C4519 /* FlixTests */ = {
			isa = PBXGroup;
			children = (
				EB9B5D6924A5AC46006C4519 /* FlixTests.m */,
				EB9B5D6B24A5AC46006C4519 /* Info.plist */,
			);
			path = FlixTests;
			sourceTree = "<group>";
		};
		EB9B5D7324A5AC46006C4519 /* FlixUITests */ = {
			isa = PBXGroup;
			children = (
				EB9B5D7424A5AC46006C4519 /* FlixUITests.m */,
				EB9B5D7624A5AC46006C4519 /* Info.plist */,
			);
			path = FlixUITests;
			sourceTree = "<group>";
		};
		EB9B5D8524A5BC89006C4519 /* View Controllers */ = {
			isa = PBXGroup;
			children = (
				EB9B5D8224A5B825006C4519 /* MoviesViewController.h */,
				EB9B5D8324A5B825006C4519 /* MoviesViewController.m */,
				EB9B5D8A24A66863006C4519 /* DetailsViewController.h */,
				EB9B5D8B24A66863006C4519 /* DetailsViewController.m */,
				EB9B5D8D24A6DC39006C4519 /* MoviesGridViewController.h */,
				EB9B5D8E24A6DC39006C4519 /* MoviesGridViewController.m */,
			);
			path = "View Controllers";
			sourceTree = "<group>";
		};
		EB9B5D8624A64AA9006C4519 /* Views */ = {
			isa = PBXGroup;
			children = (
				EB9B5D8724A64C01006C4519 /* MovieCell.h */,
				EB9B5D8824A64C01006C4519 /* MovieCell.m */,
				EB9B5D9024A6DF74006C4519 /* MovieCollectionViewCell.h */,
				EB9B5D9124A6DF74006C4519 /* MovieCollectionViewCell.m */,
			);
			path = Views;
			sourceTree = "<group>";
		};
/* End PBXGroup section */

/* Begin PBXNativeTarget section */
		EB9B5D4924A5AC45006C4519 /* Flix */ = {
			isa = PBXNativeTarget;
			buildConfigurationList = EB9B5D7924A5AC46006C4519 /* Build configuration list for PBXNativeTarget "Flix" */;
			buildPhases = (
				A9AADDBC5FC6F5A01E9D3F90 /* [CP] Check Pods Manifest.lock */,
				EB9B5D4624A5AC45006C4519 /* Sources */,
				EB9B5D4724A5AC45006C4519 /* Frameworks */,
				EB9B5D4824A5AC45006C4519 /* Resources */,
				FA93087A67FFEB4F6B1CE376 /* [CP] Embed Pods Frameworks */,
			);
			buildRules = (
			);
			dependencies = (
			);
			name = Flix;
			productName = Flix;
			productReference = EB9B5D4A24A5AC45006C4519 /* Flix.app */;
			productType = "com.apple.product-type.application";
		};
		EB9B5D6424A5AC46006C4519 /* FlixTests */ = {
			isa = PBXNativeTarget;
			buildConfigurationList = EB9B5D7C24A5AC46006C4519 /* Build configuration list for PBXNativeTarget "FlixTests" */;
			buildPhases = (
				7CB9F25BB5ACF4FFE33486F8 /* [CP] Check Pods Manifest.lock */,
				EB9B5D6124A5AC46006C4519 /* Sources */,
				EB9B5D6224A5AC46006C4519 /* Frameworks */,
				EB9B5D6324A5AC46006C4519 /* Resources */,
			);
			buildRules = (
			);
			dependencies = (
				EB9B5D6724A5AC46006C4519 /* PBXTargetDependency */,
			);
			name = FlixTests;
			productName = FlixTests;
			productReference = EB9B5D6524A5AC46006C4519 /* FlixTests.xctest */;
			productType = "com.apple.product-type.bundle.unit-test";
		};
		EB9B5D6F24A5AC46006C4519 /* FlixUITests */ = {
			isa = PBXNativeTarget;
			buildConfigurationList = EB9B5D7F24A5AC46006C4519 /* Build configuration list for PBXNativeTarget "FlixUITests" */;
			buildPhases = (
				E61102A38AEC5DB5A9C68E35 /* [CP] Check Pods Manifest.lock */,
				EB9B5D6C24A5AC46006C4519 /* Sources */,
				EB9B5D6D24A5AC46006C4519 /* Frameworks */,
				EB9B5D6E24A5AC46006C4519 /* Resources */,
				0F4FA755B8D3B89B7D893F8C /* [CP] Embed Pods Frameworks */,
			);
			buildRules = (
			);
			dependencies = (
				EB9B5D7224A5AC46006C4519 /* PBXTargetDependency */,
			);
			name = FlixUITests;
			productName = FlixUITests;
			productReference = EB9B5D7024A5AC46006C4519 /* FlixUITests.xctest */;
			productType = "com.apple.product-type.bundle.ui-testing";
		};
/* End PBXNativeTarget section */

/* Begin PBXProject section */
		EB9B5D4224A5AC45006C4519 /* Project object */ = {
			isa = PBXProject;
			attributes = {
				LastUpgradeCheck = 1150;
				ORGANIZATIONNAME = "Fabiola E. Robles Vega";
				TargetAttributes = {
					EB9B5D4924A5AC45006C4519 = {
						CreatedOnToolsVersion = 11.5;
					};
					EB9B5D6424A5AC46006C4519 = {
						CreatedOnToolsVersion = 11.5;
						TestTargetID = EB9B5D4924A5AC45006C4519;
					};
					EB9B5D6F24A5AC46006C4519 = {
						CreatedOnToolsVersion = 11.5;
						TestTargetID = EB9B5D4924A5AC45006C4519;
					};
				};
			};
			buildConfigurationList = EB9B5D4524A5AC45006C4519 /* Build configuration list for PBXProject "Flix" */;
			compatibilityVersion = "Xcode 9.3";
			developmentRegion = en;
			hasScannedForEncodings = 0;
			knownRegions = (
				en,
				Base,
			);
			mainGroup = EB9B5D4124A5AC45006C4519;
			productRefGroup = EB9B5D4B24A5AC45006C4519 /* Products */;
			projectDirPath = "";
			projectRoot = "";
			targets = (
				EB9B5D4924A5AC45006C4519 /* Flix */,
				EB9B5D6424A5AC46006C4519 /* FlixTests */,
				EB9B5D6F24A5AC46006C4519 /* FlixUITests */,
			);
		};
/* End PBXProject section */

/* Begin PBXResourcesBuildPhase section */
		EB9B5D4824A5AC45006C4519 /* Resources */ = {
			isa = PBXResourcesBuildPhase;
			buildActionMask = 2147483647;
			files = (
				EB9B5D5D24A5AC46006C4519 /* LaunchScreen.storyboard in Resources */,
				EB9B5D5A24A5AC46006C4519 /* Assets.xcassets in Resources */,
				EB9B5D5824A5AC45006C4519 /* Main.storyboard in Resources */,
			);
			runOnlyForDeploymentPostprocessing = 0;
		};
		EB9B5D6324A5AC46006C4519 /* Resources */ = {
			isa = PBXResourcesBuildPhase;
			buildActionMask = 2147483647;
			files = (
			);
			runOnlyForDeploymentPostprocessing = 0;
		};
		EB9B5D6E24A5AC46006C4519 /* Resources */ = {
			isa = PBXResourcesBuildPhase;
			buildActionMask = 2147483647;
			files = (
			);
			runOnlyForDeploymentPostprocessing = 0;
		};
/* End PBXResourcesBuildPhase section */

/* Begin PBXShellScriptBuildPhase section */
		0F4FA755B8D3B89B7D893F8C /* [CP] Embed Pods Frameworks */ = {
			isa = PBXShellScriptBuildPhase;
			buildActionMask = 2147483647;
			files = (
			);
			inputFileListPaths = (
				"${PODS_ROOT}/Target Support Files/Pods-Flix-FlixUITests/Pods-Flix-FlixUITests-frameworks-${CONFIGURATION}-input-files.xcfilelist",
			);
			name = "[CP] Embed Pods Frameworks";
			outputFileListPaths = (
				"${PODS_ROOT}/Target Support Files/Pods-Flix-FlixUITests/Pods-Flix-FlixUITests-frameworks-${CONFIGURATION}-output-files.xcfilelist",
			);
			runOnlyForDeploymentPostprocessing = 0;
			shellPath = /bin/sh;
			shellScript = "\"${PODS_ROOT}/Target Support Files/Pods-Flix-FlixUITests/Pods-Flix-FlixUITests-frameworks.sh\"\n";
			showEnvVarsInLog = 0;
		};
		7CB9F25BB5ACF4FFE33486F8 /* [CP] Check Pods Manifest.lock */ = {
			isa = PBXShellScriptBuildPhase;
			buildActionMask = 2147483647;
			files = (
			);
			inputFileListPaths = (
			);
			inputPaths = (
				"${PODS_PODFILE_DIR_PATH}/Podfile.lock",
				"${PODS_ROOT}/Manifest.lock",
			);
			name = "[CP] Check Pods Manifest.lock";
			outputFileListPaths = (
			);
			outputPaths = (
				"$(DERIVED_FILE_DIR)/Pods-FlixTests-checkManifestLockResult.txt",
			);
			runOnlyForDeploymentPostprocessing = 0;
			shellPath = /bin/sh;
			shellScript = "diff \"${PODS_PODFILE_DIR_PATH}/Podfile.lock\" \"${PODS_ROOT}/Manifest.lock\" > /dev/null\nif [ $? != 0 ] ; then\n    # print error to STDERR\n    echo \"error: The sandbox is not in sync with the Podfile.lock. Run 'pod install' or update your CocoaPods installation.\" >&2\n    exit 1\nfi\n# This output is used by Xcode 'outputs' to avoid re-running this script phase.\necho \"SUCCESS\" > \"${SCRIPT_OUTPUT_FILE_0}\"\n";
			showEnvVarsInLog = 0;
		};
		A9AADDBC5FC6F5A01E9D3F90 /* [CP] Check Pods Manifest.lock */ = {
			isa = PBXShellScriptBuildPhase;
			buildActionMask = 2147483647;
			files = (
			);
			inputFileListPaths = (
			);
			inputPaths = (
				"${PODS_PODFILE_DIR_PATH}/Podfile.lock",
				"${PODS_ROOT}/Manifest.lock",
			);
			name = "[CP] Check Pods Manifest.lock";
			outputFileListPaths = (
			);
			outputPaths = (
				"$(DERIVED_FILE_DIR)/Pods-Flix-checkManifestLockResult.txt",
			);
			runOnlyForDeploymentPostprocessing = 0;
			shellPath = /bin/sh;
			shellScript = "diff \"${PODS_PODFILE_DIR_PATH}/Podfile.lock\" \"${PODS_ROOT}/Manifest.lock\" > /dev/null\nif [ $? != 0 ] ; then\n    # print error to STDERR\n    echo \"error: The sandbox is not in sync with the Podfile.lock. Run 'pod install' or update your CocoaPods installation.\" >&2\n    exit 1\nfi\n# This output is used by Xcode 'outputs' to avoid re-running this script phase.\necho \"SUCCESS\" > \"${SCRIPT_OUTPUT_FILE_0}\"\n";
			showEnvVarsInLog = 0;
		};
		E61102A38AEC5DB5A9C68E35 /* [CP] Check Pods Manifest.lock */ = {
			isa = PBXShellScriptBuildPhase;
			buildActionMask = 2147483647;
			files = (
			);
			inputFileListPaths = (
			);
			inputPaths = (
				"${PODS_PODFILE_DIR_PATH}/Podfile.lock",
				"${PODS_ROOT}/Manifest.lock",
			);
			name = "[CP] Check Pods Manifest.lock";
			outputFileListPaths = (
			);
			outputPaths = (
				"$(DERIVED_FILE_DIR)/Pods-Flix-FlixUITests-checkManifestLockResult.txt",
			);
			runOnlyForDeploymentPostprocessing = 0;
			shellPath = /bin/sh;
			shellScript = "diff \"${PODS_PODFILE_DIR_PATH}/Podfile.lock\" \"${PODS_ROOT}/Manifest.lock\" > /dev/null\nif [ $? != 0 ] ; then\n    # print error to STDERR\n    echo \"error: The sandbox is not in sync with the Podfile.lock. Run 'pod install' or update your CocoaPods installation.\" >&2\n    exit 1\nfi\n# This output is used by Xcode 'outputs' to avoid re-running this script phase.\necho \"SUCCESS\" > \"${SCRIPT_OUTPUT_FILE_0}\"\n";
			showEnvVarsInLog = 0;
		};
		FA93087A67FFEB4F6B1CE376 /* [CP] Embed Pods Frameworks */ = {
			isa = PBXShellScriptBuildPhase;
			buildActionMask = 2147483647;
			files = (
			);
			inputFileListPaths = (
				"${PODS_ROOT}/Target Support Files/Pods-Flix/Pods-Flix-frameworks-${CONFIGURATION}-input-files.xcfilelist",
			);
			name = "[CP] Embed Pods Frameworks";
			outputFileListPaths = (
				"${PODS_ROOT}/Target Support Files/Pods-Flix/Pods-Flix-frameworks-${CONFIGURATION}-output-files.xcfilelist",
			);
			runOnlyForDeploymentPostprocessing = 0;
			shellPath = /bin/sh;
			shellScript = "\"${PODS_ROOT}/Target Support Files/Pods-Flix/Pods-Flix-frameworks.sh\"\n";
			showEnvVarsInLog = 0;
		};
/* End PBXShellScriptBuildPhase section */

/* Begin PBXSourcesBuildPhase section */
		EB9B5D4624A5AC45006C4519 /* Sources */ = {
			isa = PBXSourcesBuildPhase;
			buildActionMask = 2147483647;
			files = (
				EB9B5D4F24A5AC45006C4519 /* AppDelegate.m in Sources */,
				EB9B5D8924A64C01006C4519 /* MovieCell.m in Sources */,
				EB9B5D8424A5B825006C4519 /* MoviesViewController.m in Sources */,
				EB9B5D9224A6DF74006C4519 /* MovieCollectionViewCell.m in Sources */,
				EB9B5D8C24A66863006C4519 /* DetailsViewController.m in Sources */,
				EB9B5D6024A5AC46006C4519 /* main.m in Sources */,
				EB9B5D5224A5AC45006C4519 /* SceneDelegate.m in Sources */,
				EB9B5D8F24A6DC39006C4519 /* MoviesGridViewController.m in Sources */,
			);
			runOnlyForDeploymentPostprocessing = 0;
		};
		EB9B5D6124A5AC46006C4519 /* Sources */ = {
			isa = PBXSourcesBuildPhase;
			buildActionMask = 2147483647;
			files = (
				EB9B5D6A24A5AC46006C4519 /* FlixTests.m in Sources */,
			);
			runOnlyForDeploymentPostprocessing = 0;
		};
		EB9B5D6C24A5AC46006C4519 /* Sources */ = {
			isa = PBXSourcesBuildPhase;
			buildActionMask = 2147483647;
			files = (
				EB9B5D7524A5AC46006C4519 /* FlixUITests.m in Sources */,
			);
			runOnlyForDeploymentPostprocessing = 0;
		};
/* End PBXSourcesBuildPhase section */

/* Begin PBXTargetDependency section */
		EB9B5D6724A5AC46006C4519 /* PBXTargetDependency */ = {
			isa = PBXTargetDependency;
			target = EB9B5D4924A5AC45006C4519 /* Flix */;
			targetProxy = EB9B5D6624A5AC46006C4519 /* PBXContainerItemProxy */;
		};
		EB9B5D7224A5AC46006C4519 /* PBXTargetDependency */ = {
			isa = PBXTargetDependency;
			target = EB9B5D4924A5AC45006C4519 /* Flix */;
			targetProxy = EB9B5D7124A5AC46006C4519 /* PBXContainerItemProxy */;
		};
/* End PBXTargetDependency section */

/* Begin PBXVariantGroup section */
		EB9B5D5624A5AC45006C4519 /* Main.storyboard */ = {
			isa = PBXVariantGroup;
			children = (
				EB9B5D5724A5AC45006C4519 /* Base */,
			);
			name = Main.storyboard;
			sourceTree = "<group>";
		};
		EB9B5D5B24A5AC46006C4519 /* LaunchScreen.storyboard */ = {
			isa = PBXVariantGroup;
			children = (
				EB9B5D5C24A5AC46006C4519 /* Base */,
			);
			name = LaunchScreen.storyboard;
			sourceTree = "<group>";
		};
/* End PBXVariantGroup section */

/* Begin XCBuildConfiguration section */
		EB9B5D7724A5AC46006C4519 /* Debug */ = {
			isa = XCBuildConfiguration;
			buildSettings = {
				ALWAYS_SEARCH_USER_PATHS = NO;
				CLANG_ANALYZER_NONNULL = YES;
				CLANG_ANALYZER_NUMBER_OBJECT_CONVERSION = YES_AGGRESSIVE;
				CLANG_CXX_LANGUAGE_STANDARD = "gnu++14";
				CLANG_CXX_LIBRARY = "libc++";
				CLANG_ENABLE_MODULES = YES;
				CLANG_ENABLE_OBJC_ARC = YES;
				CLANG_ENABLE_OBJC_WEAK = YES;
				CLANG_WARN_BLOCK_CAPTURE_AUTORELEASING = YES;
				CLANG_WARN_BOOL_CONVERSION = YES;
				CLANG_WARN_COMMA = YES;
				CLANG_WARN_CONSTANT_CONVERSION = YES;
				CLANG_WARN_DEPRECATED_OBJC_IMPLEMENTATIONS = YES;
				CLANG_WARN_DIRECT_OBJC_ISA_USAGE = YES_ERROR;
				CLANG_WARN_DOCUMENTATION_COMMENTS = YES;
				CLANG_WARN_EMPTY_BODY = YES;
				CLANG_WARN_ENUM_CONVERSION = YES;
				CLANG_WARN_INFINITE_RECURSION = YES;
				CLANG_WARN_INT_CONVERSION = YES;
				CLANG_WARN_NON_LITERAL_NULL_CONVERSION = YES;
				CLANG_WARN_OBJC_IMPLICIT_RETAIN_SELF = YES;
				CLANG_WARN_OBJC_LITERAL_CONVERSION = YES;
				CLANG_WARN_OBJC_ROOT_CLASS = YES_ERROR;
				CLANG_WARN_RANGE_LOOP_ANALYSIS = YES;
				CLANG_WARN_STRICT_PROTOTYPES = YES;
				CLANG_WARN_SUSPICIOUS_MOVE = YES;
				CLANG_WARN_UNGUARDED_AVAILABILITY = YES_AGGRESSIVE;
				CLANG_WARN_UNREACHABLE_CODE = YES;
				CLANG_WARN__DUPLICATE_METHOD_MATCH = YES;
				COPY_PHASE_STRIP = NO;
				DEBUG_INFORMATION_FORMAT = dwarf;
				ENABLE_STRICT_OBJC_MSGSEND = YES;
				ENABLE_TESTABILITY = YES;
				GCC_C_LANGUAGE_STANDARD = gnu11;
				GCC_DYNAMIC_NO_PIC = NO;
				GCC_NO_COMMON_BLOCKS = YES;
				GCC_OPTIMIZATION_LEVEL = 0;
				GCC_PREPROCESSOR_DEFINITIONS = (
					"DEBUG=1",
					"$(inherited)",
				);
				GCC_WARN_64_TO_32_BIT_CONVERSION = YES;
				GCC_WARN_ABOUT_RETURN_TYPE = YES_ERROR;
				GCC_WARN_UNDECLARED_SELECTOR = YES;
				GCC_WARN_UNINITIALIZED_AUTOS = YES_AGGRESSIVE;
				GCC_WARN_UNUSED_FUNCTION = YES;
				GCC_WARN_UNUSED_VARIABLE = YES;
				IPHONEOS_DEPLOYMENT_TARGET = 13.5;
				MTL_ENABLE_DEBUG_INFO = INCLUDE_SOURCE;
				MTL_FAST_MATH = YES;
				ONLY_ACTIVE_ARCH = YES;
				SDKROOT = iphoneos;
			};
			name = Debug;
		};
		EB9B5D7824A5AC46006C4519 /* Release */ = {
			isa = XCBuildConfiguration;
			buildSettings = {
				ALWAYS_SEARCH_USER_PATHS = NO;
				CLANG_ANALYZER_NONNULL = YES;
				CLANG_ANALYZER_NUMBER_OBJECT_CONVERSION = YES_AGGRESSIVE;
				CLANG_CXX_LANGUAGE_STANDARD = "gnu++14";
				CLANG_CXX_LIBRARY = "libc++";
				CLANG_ENABLE_MODULES = YES;
				CLANG_ENABLE_OBJC_ARC = YES;
				CLANG_ENABLE_OBJC_WEAK = YES;
				CLANG_WARN_BLOCK_CAPTURE_AUTORELEASING = YES;
				CLANG_WARN_BOOL_CONVERSION = YES;
				CLANG_WARN_COMMA = YES;
				CLANG_WARN_CONSTANT_CONVERSION = YES;
				CLANG_WARN_DEPRECATED_OBJC_IMPLEMENTATIONS = YES;
				CLANG_WARN_DIRECT_OBJC_ISA_USAGE = YES_ERROR;
				CLANG_WARN_DOCUMENTATION_COMMENTS = YES;
				CLANG_WARN_EMPTY_BODY = YES;
				CLANG_WARN_ENUM_CONVERSION = YES;
				CLANG_WARN_INFINITE_RECURSION = YES;
				CLANG_WARN_INT_CONVERSION = YES;
				CLANG_WARN_NON_LITERAL_NULL_CONVERSION = YES;
				CLANG_WARN_OBJC_IMPLICIT_RETAIN_SELF = YES;
				CLANG_WARN_OBJC_LITERAL_CONVERSION = YES;
				CLANG_WARN_OBJC_ROOT_CLASS = YES_ERROR;
				CLANG_WARN_RANGE_LOOP_ANALYSIS = YES;
				CLANG_WARN_STRICT_PROTOTYPES = YES;
				CLANG_WARN_SUSPICIOUS_MOVE = YES;
				CLANG_WARN_UNGUARDED_AVAILABILITY = YES_AGGRESSIVE;
				CLANG_WARN_UNREACHABLE_CODE = YES;
				CLANG_WARN__DUPLICATE_METHOD_MATCH = YES;
				COPY_PHASE_STRIP = NO;
				DEBUG_INFORMATION_FORMAT = "dwarf-with-dsym";
				ENABLE_NS_ASSERTIONS = NO;
				ENABLE_STRICT_OBJC_MSGSEND = YES;
				GCC_C_LANGUAGE_STANDARD = gnu11;
				GCC_NO_COMMON_BLOCKS = YES;
				GCC_WARN_64_TO_32_BIT_CONVERSION = YES;
				GCC_WARN_ABOUT_RETURN_TYPE = YES_ERROR;
				GCC_WARN_UNDECLARED_SELECTOR = YES;
				GCC_WARN_UNINITIALIZED_AUTOS = YES_AGGRESSIVE;
				GCC_WARN_UNUSED_FUNCTION = YES;
				GCC_WARN_UNUSED_VARIABLE = YES;
				IPHONEOS_DEPLOYMENT_TARGET = 13.5;
				MTL_ENABLE_DEBUG_INFO = NO;
				MTL_FAST_MATH = YES;
				SDKROOT = iphoneos;
				VALIDATE_PRODUCT = YES;
			};
			name = Release;
		};
		EB9B5D7A24A5AC46006C4519 /* Debug */ = {
			isa = XCBuildConfiguration;
			baseConfigurationReference = D7D39BD4ECA6F1A63A501B53 /* Pods-Flix.debug.xcconfig */;
			buildSettings = {
				ASSETCATALOG_COMPILER_APPICON_NAME = AppIcon;
				CODE_SIGN_STYLE = Automatic;
				INFOPLIST_FILE = Flix/Info.plist;
				LD_RUNPATH_SEARCH_PATHS = (
					"$(inherited)",
					"@executable_path/Frameworks",
				);
				PRODUCT_BUNDLE_IDENTIFIER = com.fabiolarobles19.Flix;
				PRODUCT_NAME = "$(TARGET_NAME)";
				TARGETED_DEVICE_FAMILY = "1,2";
			};
			name = Debug;
		};
		EB9B5D7B24A5AC46006C4519 /* Release */ = {
			isa = XCBuildConfiguration;
			baseConfigurationReference = 3D141EE0F85159865759F4C9 /* Pods-Flix.release.xcconfig */;
			buildSettings = {
				ASSETCATALOG_COMPILER_APPICON_NAME = AppIcon;
				CODE_SIGN_STYLE = Automatic;
				INFOPLIST_FILE = Flix/Info.plist;
				LD_RUNPATH_SEARCH_PATHS = (
					"$(inherited)",
					"@executable_path/Frameworks",
				);
				PRODUCT_BUNDLE_IDENTIFIER = com.fabiolarobles19.Flix;
				PRODUCT_NAME = "$(TARGET_NAME)";
				TARGETED_DEVICE_FAMILY = "1,2";
			};
			name = Release;
		};
		EB9B5D7D24A5AC46006C4519 /* Debug */ = {
			isa = XCBuildConfiguration;
			baseConfigurationReference = F4388851BDB1B613259C2E9E /* Pods-FlixTests.debug.xcconfig */;
			buildSettings = {
				BUNDLE_LOADER = "$(TEST_HOST)";
				CODE_SIGN_STYLE = Automatic;
				INFOPLIST_FILE = FlixTests/Info.plist;
				IPHONEOS_DEPLOYMENT_TARGET = 13.5;
				LD_RUNPATH_SEARCH_PATHS = (
					"$(inherited)",
					"@executable_path/Frameworks",
					"@loader_path/Frameworks",
				);
				PRODUCT_BUNDLE_IDENTIFIER = com.fabiolarobles19.FlixTests;
				PRODUCT_NAME = "$(TARGET_NAME)";
				TARGETED_DEVICE_FAMILY = "1,2";
				TEST_HOST = "$(BUILT_PRODUCTS_DIR)/Flix.app/Flix";
			};
			name = Debug;
		};
		EB9B5D7E24A5AC46006C4519 /* Release */ = {
			isa = XCBuildConfiguration;
			baseConfigurationReference = C921EAC3BE3DAB81C0E1AB60 /* Pods-FlixTests.release.xcconfig */;
			buildSettings = {
				BUNDLE_LOADER = "$(TEST_HOST)";
				CODE_SIGN_STYLE = Automatic;
				INFOPLIST_FILE = FlixTests/Info.plist;
				IPHONEOS_DEPLOYMENT_TARGET = 13.5;
				LD_RUNPATH_SEARCH_PATHS = (
					"$(inherited)",
					"@executable_path/Frameworks",
					"@loader_path/Frameworks",
				);
				PRODUCT_BUNDLE_IDENTIFIER = com.fabiolarobles19.FlixTests;
				PRODUCT_NAME = "$(TARGET_NAME)";
				TARGETED_DEVICE_FAMILY = "1,2";
				TEST_HOST = "$(BUILT_PRODUCTS_DIR)/Flix.app/Flix";
			};
			name = Release;
		};
		EB9B5D8024A5AC46006C4519 /* Debug */ = {
			isa = XCBuildConfiguration;
			baseConfigurationReference = BF5301E5EEDCA4249B9DBE63 /* Pods-Flix-FlixUITests.debug.xcconfig */;
			buildSettings = {
				CODE_SIGN_STYLE = Automatic;
				INFOPLIST_FILE = FlixUITests/Info.plist;
				LD_RUNPATH_SEARCH_PATHS = (
					"$(inherited)",
					"@executable_path/Frameworks",
					"@loader_path/Frameworks",
				);
				PRODUCT_BUNDLE_IDENTIFIER = com.fabiolarobles19.FlixUITests;
				PRODUCT_NAME = "$(TARGET_NAME)";
				TARGETED_DEVICE_FAMILY = "1,2";
				TEST_TARGET_NAME = Flix;
			};
			name = Debug;
		};
		EB9B5D8124A5AC46006C4519 /* Release */ = {
			isa = XCBuildConfiguration;
			baseConfigurationReference = 11721BE1CFC24A0BE7DC7FA4 /* Pods-Flix-FlixUITests.release.xcconfig */;
			buildSettings = {
				CODE_SIGN_STYLE = Automatic;
				INFOPLIST_FILE = FlixUITests/Info.plist;
				LD_RUNPATH_SEARCH_PATHS = (
					"$(inherited)",
					"@executable_path/Frameworks",
					"@loader_path/Frameworks",
				);
				PRODUCT_BUNDLE_IDENTIFIER = com.fabiolarobles19.FlixUITests;
				PRODUCT_NAME = "$(TARGET_NAME)";
				TARGETED_DEVICE_FAMILY = "1,2";
				TEST_TARGET_NAME = Flix;
			};
			name = Release;
		};
/* End XCBuildConfiguration section */

/* Begin XCConfigurationList section */
		EB9B5D4524A5AC45006C4519 /* Build configuration list for PBXProject "Flix" */ = {
			isa = XCConfigurationList;
			buildConfigurations = (
				EB9B5D7724A5AC46006C4519 /* Debug */,
				EB9B5D7824A5AC46006C4519 /* Release */,
			);
			defaultConfigurationIsVisible = 0;
			defaultConfigurationName = Release;
		};
		EB9B5D7924A5AC46006C4519 /* Build configuration list for PBXNativeTarget "Flix" */ = {
			isa = XCConfigurationList;
			buildConfigurations = (
				EB9B5D7A24A5AC46006C4519 /* Debug */,
				EB9B5D7B24A5AC46006C4519 /* Release */,
			);
			defaultConfigurationIsVisible = 0;
			defaultConfigurationName = Release;
		};
		EB9B5D7C24A5AC46006C4519 /* Build configuration list for PBXNativeTarget "FlixTests" */ = {
			isa = XCConfigurationList;
			buildConfigurations = (
				EB9B5D7D24A5AC46006C4519 /* Debug */,
				EB9B5D7E24A5AC46006C4519 /* Release */,
			);
			defaultConfigurationIsVisible = 0;
			defaultConfigurationName = Release;
		};
		EB9B5D7F24A5AC46006C4519 /* Build configuration list for PBXNativeTarget "FlixUITests" */ = {
			isa = XCConfigurationList;
			buildConfigurations = (
				EB9B5D8024A5AC46006C4519 /* Debug */,
				EB9B5D8124A5AC46006C4519 /* Release */,
			);
			defaultConfigurationIsVisible = 0;
			defaultConfigurationName = Release;
		};
/* End XCConfigurationList section */
	};
	rootObject = EB9B5D4224A5AC45006C4519 /* Project object */;
}
